
Microsoft Visual Studio Solution File, Format Version 12.00
# Visual Studio Version 17
VisualStudioVersion = 17.9.34728.123
MinimumVisualStudioVersion = 10.0.40219.1
Project("{9A19103F-16F7-4668-BE54-9A1E7A4F7556}") = "ObjetosWebApi", "ExerciciosGPT\ObjetosWebApi.csproj", "{284D2552-010F-4C0E-BF66-55378A919EFB}"
EndProject
Global
	GlobalSection(SolutionConfigurationPlatforms) = preSolution
		Debug|Any CPU = Debug|Any CPU
		Release|Any CPU = Release|Any CPU
	EndGlobalSection
	GlobalSection(ProjectConfigurationPlatforms) = postSolution
		{284D2552-010F-4C0E-BF66-55378A919EFB}.Debug|Any CPU.ActiveCfg = Debug|Any CPU
		{284D2552-010F-4C0E-BF66-55378A919EFB}.Debug|Any CPU.Build.0 = Debug|Any CPU
		{284D2552-010F-4C0E-BF66-55378A919EFB}.Release|Any CPU.ActiveCfg = Release|Any CPU
		{284D2552-010F-4C0E-BF66-55378A919EFB}.Release|Any CPU.Build.0 = Release|Any CPU
	EndGlobalSection
	GlobalSection(SolutionProperties) = preSolution
		HideSolutionNode = FALSE
	EndGlobalSection
	GlobalSection(ExtensibilityGlobals) = postSolution
		SolutionGuid = {865778A5-D33F-459F-B7D9-EA726BFD638D}
	EndGlobalSection
EndGlobal
